// !$*UTF8*$!
{
	archiveVersion = 1;
	classes = {
	};
	objectVersion = 46;
	objects = {

/* Begin PBXBuildFile section */
		3C79E0D11B86E57000600FF2 /* AppDelegate.swift in Sources */ = {isa = PBXBuildFile; fileRef = 3C79E0D01B86E57000600FF2 /* AppDelegate.swift */; };
		3C79E0D31B86E57000600FF2 /* ViewController.swift in Sources */ = {isa = PBXBuildFile; fileRef = 3C79E0D21B86E57000600FF2 /* ViewController.swift */; };
		3C79E0D61B86E57000600FF2 /* Main.storyboard in Resources */ = {isa = PBXBuildFile; fileRef = 3C79E0D41B86E57000600FF2 /* Main.storyboard */; };
		3C79E0D81B86E57000600FF2 /* Images.xcassets in Resources */ = {isa = PBXBuildFile; fileRef = 3C79E0D71B86E57000600FF2 /* Images.xcassets */; };
		3C79E0DB1B86E57000600FF2 /* LaunchScreen.xib in Resources */ = {isa = PBXBuildFile; fileRef = 3C79E0D91B86E57000600FF2 /* LaunchScreen.xib */; };
		3C79E0E71B86E57000600FF2 /* RAAGAnimationTests.swift in Sources */ = {isa = PBXBuildFile; fileRef = 3C79E0E61B86E57000600FF2 /* RAAGAnimationTests.swift */; };
/* End PBXBuildFile section */

/* Begin PBXContainerItemProxy section */
		3C79E0E11B86E57000600FF2 /* PBXContainerItemProxy */ = {
			isa = PBXContainerItemProxy;
			containerPortal = 3C79E0C31B86E57000600FF2 /* Project object */;
			proxyType = 1;
			remoteGlobalIDString = 3C79E0CA1B86E57000600FF2;
			remoteInfo = RAAGAnimation;
		};
/* End PBXContainerItemProxy section */

/* Begin PBXFileReference section */
		3C79E0CB1B86E57000600FF2 /* RAAGAnimation.app */ = {isa = PBXFileReference; explicitFileType = wrapper.application; includeInIndex = 0; path = RAAGAnimation.app; sourceTree = BUILT_PRODUCTS_DIR; };
		3C79E0CF1B86E57000600FF2 /* Info.plist */ = {isa = PBXFileReference; lastKnownFileType = text.plist.xml; path = Info.plist; sourceTree = "<group>"; };
		3C79E0D01B86E57000600FF2 /* AppDelegate.swift */ = {isa = PBXFileReference; lastKnownFileType = sourcecode.swift; path = AppDelegate.swift; sourceTree = "<group>"; };
		3C79E0D21B86E57000600FF2 /* ViewController.swift */ = {isa = PBXFileReference; lastKnownFileType = sourcecode.swift; path = ViewController.swift; sourceTree = "<group>"; };
		3C79E0D51B86E57000600FF2 /* Base */ = {isa = PBXFileReference; lastKnownFileType = file.storyboard; name = Base; path = Base.lproj/Main.storyboard; sourceTree = "<group>"; };
		3C79E0D71B86E57000600FF2 /* Images.xcassets */ = {isa = PBXFileReference; lastKnownFileType = folder.assetcatalog; path = Images.xcassets; sourceTree = "<group>"; };
		3C79E0DA1B86E57000600FF2 /* Base */ = {isa = PBXFileReference; lastKnownFileType = file.xib; name = Base; path = Base.lproj/LaunchScreen.xib; sourceTree = "<group>"; };
		3C79E0E01B86E57000600FF2 /* RAAGAnimationTests.xctest */ = {isa = PBXFileReference; explicitFileType = wrapper.cfbundle; includeInIndex = 0; path = RAAGAnimationTests.xctest; sourceTree = BUILT_PRODUCTS_DIR; };
		3C79E0E51B86E57000600FF2 /* Info.plist */ = {isa = PBXFileReference; lastKnownFileType = text.plist.xml; path = Info.plist; sourceTree = "<group>"; };
		3C79E0E61B86E57000600FF2 /* RAAGAnimationTests.swift */ = {isa = PBXFileReference; lastKnownFileType = sourcecode.swift; path = RAAGAnimationTests.swift; sourceTree = "<group>"; };
/* End PBXFileReference section */

/* Begin PBXFrameworksBuildPhase section */
		3C79E0C81B86E57000600FF2 /* Frameworks */ = {
			isa = PBXFrameworksBuildPhase;
			buildActionMask = 2147483647;
			files = (
			);
			runOnlyForDeploymentPostprocessing = 0;
		};
		3C79E0DD1B86E57000600FF2 /* Frameworks */ = {
			isa = PBXFrameworksBuildPhase;
			buildActionMask = 2147483647;
			files = (
			);
			runOnlyForDeploymentPostprocessing = 0;
		};
/* End PBXFrameworksBuildPhase section */

/* Begin PBXGroup section */
		3C79E0C21B86E57000600FF2 = {
			isa = PBXGroup;
			children = (
				3C79E0CD1B86E57000600FF2 /* RAAGAnimation */,
				3C79E0E31B86E57000600FF2 /* RAAGAnimationTests */,
				3C79E0CC1B86E57000600FF2 /* Products */,
			);
			sourceTree = "<group>";
		};
		3C79E0CC1B86E57000600FF2 /* Products */ = {
			isa = PBXGroup;
			children = (
				3C79E0CB1B86E57000600FF2 /* RAAGAnimation.app */,
				3C79E0E01B86E57000600FF2 /* RAAGAnimationTests.xctest */,
			);
			name = Products;
			sourceTree = "<group>";
		};
		3C79E0CD1B86E57000600FF2 /* RAAGAnimation */ = {
			isa = PBXGroup;
			children = (
				3C79E0D01B86E57000600FF2 /* AppDelegate.swift */,
				3C79E0D21B86E57000600FF2 /* ViewController.swift */,
				3C79E0D41B86E57000600FF2 /* Main.storyboard */,
				3C79E0D71B86E57000600FF2 /* Images.xcassets */,
				3C79E0D91B86E57000600FF2 /* LaunchScreen.xib */,
				3C79E0CE1B86E57000600FF2 /* Supporting Files */,
			);
			path = RAAGAnimation;
			sourceTree = "<group>";
		};
		3C79E0CE1B86E57000600FF2 /* Supporting Files */ = {
			isa = PBXGroup;
			children = (
				3C79E0CF1B86E57000600FF2 /* Info.plist */,
			);
			name = "Supporting Files";
			sourceTree = "<group>";
		};
		3C79E0E31B86E57000600FF2 /* RAAGAnimationTests */ = {
			isa = PBXGroup;
			children = (
				3C79E0E61B86E57000600FF2 /* RAAGAnimationTests.swift */,
				3C79E0E41B86E57000600FF2 /* Supporting Files */,
			);
			path = RAAGAnimationTests;
			sourceTree = "<group>";
		};
		3C79E0E41B86E57000600FF2 /* Supporting Files */ = {
			isa = PBXGroup;
			children = (
				3C79E0E51B86E57000600FF2 /* Info.plist */,
			);
			name = "Supporting Files";
			sourceTree = "<group>";
		};
/* End PBXGroup section */

/* Begin PBXNativeTarget section */
		3C79E0CA1B86E57000600FF2 /* RAAGAnimation */ = {
			isa = PBXNativeTarget;
			buildConfigurationList = 3C79E0EA1B86E57000600FF2 /* Build configuration list for PBXNativeTarget "RAAGAnimation" */;
			buildPhases = (
				3C79E0C71B86E57000600FF2 /* Sources */,
				3C79E0C81B86E57000600FF2 /* Frameworks */,
				3C79E0C91B86E57000600FF2 /* Resources */,
			);
			buildRules = (
			);
			dependencies = (
			);
			name = RAAGAnimation;
			productName = RAAGAnimation;
			productReference = 3C79E0CB1B86E57000600FF2 /* RAAGAnimation.app */;
			productType = "com.apple.product-type.application";
		};
		3C79E0DF1B86E57000600FF2 /* RAAGAnimationTests */ = {
			isa = PBXNativeTarget;
			buildConfigurationList = 3C79E0ED1B86E57000600FF2 /* Build configuration list for PBXNativeTarget "RAAGAnimationTests" */;
			buildPhases = (
				3C79E0DC1B86E57000600FF2 /* Sources */,
				3C79E0DD1B86E57000600FF2 /* Frameworks */,
				3C79E0DE1B86E57000600FF2 /* Resources */,
			);
			buildRules = (
			);
			dependencies = (
				3C79E0E21B86E57000600FF2 /* PBXTargetDependency */,
			);
			name = RAAGAnimationTests;
			productName = RAAGAnimationTests;
			productReference = 3C79E0E01B86E57000600FF2 /* RAAGAnimationTests.xctest */;
			productType = "com.apple.product-type.bundle.unit-test";
		};
/* End PBXNativeTarget section */

/* Begin PBXProject section */
		3C79E0C31B86E57000600FF2 /* Project object */ = {
			isa = PBXProject;
			attributes = {
				LastUpgradeCheck = 0640;
				ORGANIZATIONNAME = "Anurag Bisht";
				TargetAttributes = {
					3C79E0CA1B86E57000600FF2 = {
						CreatedOnToolsVersion = 6.4;
					};
					3C79E0DF1B86E57000600FF2 = {
						CreatedOnToolsVersion = 6.4;
						TestTargetID = 3C79E0CA1B86E57000600FF2;
					};
				};
			};
			buildConfigurationList = 3C79E0C61B86E57000600FF2 /* Build configuration list for PBXProject "RAAGAnimation" */;
			compatibilityVersion = "Xcode 3.2";
			developmentRegion = English;
			hasScannedForEncodings = 0;
			knownRegions = (
				en,
				Base,
			);
			mainGroup = 3C79E0C21B86E57000600FF2;
			productRefGroup = 3C79E0CC1B86E57000600FF2 /* Products */;
			projectDirPath = "";
			projectRoot = "";
			targets = (
				3C79E0CA1B86E57000600FF2 /* RAAGAnimation */,
				3C79E0DF1B86E57000600FF2 /* RAAGAnimationTests */,
			);
		};
/* End PBXProject section */

/* Begin PBXResourcesBuildPhase section */
		3C79E0C91B86E57000600FF2 /* Resources */ = {
			isa = PBXResourcesBuildPhase;
			buildActionMask = 2147483647;
			files = (
				3C79E0D61B86E57000600FF2 /* Main.storyboard in Resources */,
				3C79E0DB1B86E57000600FF2 /* LaunchScreen.xib in Resources */,
				3C79E0D81B86E57000600FF2 /* Images.xcassets in Resources */,
			);
			runOnlyForDeploymentPostprocessing = 0;
		};
		3C79E0DE1B86E57000600FF2 /* Resources */ = {
			isa = PBXResourcesBuildPhase;
			buildActionMask = 2147483647;
			files = (
			);
			runOnlyForDeploymentPostprocessing = 0;
		};
/* End PBXResourcesBuildPhase section */

/* Begin PBXSourcesBuildPhase section */
		3C79E0C71B86E57000600FF2 /* Sources */ = {
			isa = PBXSourcesBuildPhase;
			buildActionMask = 2147483647;
			files = (
				3C79E0D31B86E57000600FF2 /* ViewController.swift in Sources */,
				3C79E0D11B86E57000600FF2 /* AppDelegate.swift in Sources */,
			);
			runOnlyForDeploymentPostprocessing = 0;
		};
		3C79E0DC1B86E57000600FF2 /* Sources */ = {
			isa = PBXSourcesBuildPhase;
			buildActionMask = 2147483647;
			files = (
				3C79E0E71B86E57000600FF2 /* RAAGAnimationTests.swift in Sources */,
			);
			runOnlyForDeploymentPostprocessing = 0;
		};
/* End PBXSourcesBuildPhase section */

/* Begin PBXTargetDependency section */
		3C79E0E21B86E57000600FF2 /* PBXTargetDependency */ = {
			isa = PBXTargetDependency;
			target = 3C79E0CA1B86E57000600FF2 /* RAAGAnimation */;
			targetProxy = 3C79E0E11B86E57000600FF2 /* PBXContainerItemProxy */;
		};
/* End PBXTargetDependency section */

/* Begin PBXVariantGroup section */
		3C79E0D41B86E57000600FF2 /* Main.storyboard */ = {
			isa = PBXVariantGroup;
			children = (
				3C79E0D51B86E57000600FF2 /* Base */,
			);
			name = Main.storyboard;
			sourceTree = "<group>";
		};
		3C79E0D91B86E57000600FF2 /* LaunchScreen.xib */ = {
			isa = PBXVariantGroup;
			children = (
				3C79E0DA1B86E57000600FF2 /* Base */,
			);
			name = LaunchScreen.xib;
			sourceTree = "<group>";
		};
/* End PBXVariantGroup section */

/* Begin XCBuildConfiguration section */
		3C79E0E81B86E57000600FF2 /* Debug */ = {
			isa = XCBuildConfiguration;
			buildSettings = {
				ALWAYS_SEARCH_USER_PATHS = NO;
				CLANG_CXX_LANGUAGE_STANDARD = "gnu++0x";
				CLANG_CXX_LIBRARY = "libc++";
				CLANG_ENABLE_MODULES = YES;
				CLANG_ENABLE_OBJC_ARC = YES;
				CLANG_WARN_BOOL_CONVERSION = YES;
				CLANG_WARN_CONSTANT_CONVERSION = YES;
				CLANG_WARN_DIRECT_OBJC_ISA_USAGE = YES_ERROR;
				CLANG_WARN_EMPTY_BODY = YES;
				CLANG_WARN_ENUM_CONVERSION = YES;
				CLANG_WARN_INT_CONVERSION = YES;
				CLANG_WARN_OBJC_ROOT_CLASS = YES_ERROR;
				CLANG_WARN_UNREACHABLE_CODE = YES;
				CLANG_WARN__DUPLICATE_METHOD_MATCH = YES;
				"CODE_SIGN_IDENTITY[sdk=iphoneos*]" = "iPhone Developer";
				COPY_PHASE_STRIP = NO;
				DEBUG_INFORMATION_FORMAT = "dwarf-with-dsym";
				ENABLE_STRICT_OBJC_MSGSEND = YES;
				GCC_C_LANGUAGE_STANDARD = gnu99;
				GCC_DYNAMIC_NO_PIC = NO;
				GCC_NO_COMMON_BLOCKS = YES;
				GCC_OPTIMIZATION_LEVEL = 0;
				GCC_PREPROCESSOR_DEFINITIONS = (
					"DEBUG=1",
					"$(inherited)",
				);
				GCC_SYMBOLS_PRIVATE_EXTERN = NO;
				GCC_WARN_64_TO_32_BIT_CONVERSION = YES;
				GCC_WARN_ABOUT_RETURN_TYPE = YES_ERROR;
				GCC_WARN_UNDECLARED_SELECTOR = YES;
				GCC_WARN_UNINITIALIZED_AUTOS = YES_AGGRESSIVE;
				GCC_WARN_UNUSED_FUNCTION = YES;
				GCC_WARN_UNUSED_VARIABLE = YES;
				IPHONEOS_DEPLOYMENT_TARGET = 8.4;
				MTL_ENABLE_DEBUG_INFO = YES;
				ONLY_ACTIVE_ARCH = YES;
				SDKROOT = iphoneos;
				SWIFT_OPTIMIZATION_LEVEL = "-Onone";
				TARGETED_DEVICE_FAMILY = "1,2";
			};
			name = Debug;
		};
		3C79E0E91B86E57000600FF2 /* Release */ = {
			isa = XCBuildConfiguration;
			buildSettings = {
				ALWAYS_SEARCH_USER_PATHS = NO;
				CLANG_CXX_LANGUAGE_STANDARD = "gnu++0x";
				CLANG_CXX_LIBRARY = "libc++";
				CLANG_ENABLE_MODULES = YES;
				CLANG_ENABLE_OBJC_ARC = YES;
				CLANG_WARN_BOOL_CONVERSION = YES;
				CLANG_WARN_CONSTANT_CONVERSION = YES;
				CLANG_WARN_DIRECT_OBJC_ISA_USAGE = YES_ERROR;
				CLANG_WARN_EMPTY_BODY = YES;
				CLANG_WARN_ENUM_CONVERSION = YES;
				CLANG_WARN_INT_CONVERSION = YES;
				CLANG_WARN_OBJC_ROOT_CLASS = YES_ERROR;
				CLANG_WARN_UNREACHABLE_CODE = YES;
				CLANG_WARN__DUPLICATE_METHOD_MATCH = YES;
				"CODE_SIGN_IDENTITY[sdk=iphoneos*]" = "iPhone Developer";
				COPY_PHASE_STRIP = NO;
				DEBUG_INFORMATION_FORMAT = "dwarf-with-dsym";
				ENABLE_NS_ASSERTIONS = NO;
				ENABLE_STRICT_OBJC_MSGSEND = YES;
				GCC_C_LANGUAGE_STANDARD = gnu99;
				GCC_NO_COMMON_BLOCKS = YES;
				GCC_WARN_64_TO_32_BIT_CONVERSION = YES;
				GCC_WARN_ABOUT_RETURN_TYPE = YES_ERROR;
				GCC_WARN_UNDECLARED_SELECTOR = YES;
				GCC_WARN_UNINITIALIZED_AUTOS = YES_AGGRESSIVE;
				GCC_WARN_UNUSED_FUNCTION = YES;
				GCC_WARN_UNUSED_VARIABLE = YES;
				IPHONEOS_DEPLOYMENT_TARGET = 8.4;
				MTL_ENABLE_DEBUG_INFO = NO;
				SDKROOT = iphoneos;
				TARGETED_DEVICE_FAMILY = "1,2";
				VALIDATE_PRODUCT = YES;
			};
			name = Release;
		};
		3C79E0EB1B86E57000600FF2 /* Debug */ = {
			isa = XCBuildConfiguration;
			buildSettings = {
				ASSETCATALOG_COMPILER_APPICON_NAME = AppIcon;
				INFOPLIST_FILE = RAAGAnimation/Info.plist;
				LD_RUNPATH_SEARCH_PATHS = "$(inherited) @executable_path/Frameworks";
				PRODUCT_NAME = "$(TARGET_NAME)";
			};
			name = Debug;
		};
		3C79E0EC1B86E57000600FF2 /* Release */ = {
			isa = XCBuildConfiguration;
			buildSettings = {
				ASSETCATALOG_COMPILER_APPICON_NAME = AppIcon;
				INFOPLIST_FILE = RAAGAnimation/Info.plist;
				LD_RUNPATH_SEARCH_PATHS = "$(inherited) @executable_path/Frameworks";
				PRODUCT_NAME = "$(TARGET_NAME)";
			};
			name = Release;
		};
		3C79E0EE1B86E57000600FF2 /* Debug */ = {
			isa = XCBuildConfiguration;
			buildSettings = {
				BUNDLE_LOADER = "$(TEST_HOST)";
				FRAMEWORK_SEARCH_PATHS = (
					"$(SDKROOT)/Developer/Library/Frameworks",
					"$(inherited)",
				);
				GCC_PREPROCESSOR_DEFINITIONS = (
					"DEBUG=1",
					"$(inherited)",
				);
				INFOPLIST_FILE = RAAGAnimationTests/Info.plist;
				LD_RUNPATH_SEARCH_PATHS = "$(inherited) @executable_path/Frameworks @loader_path/Frameworks";
				PRODUCT_NAME = "$(TARGET_NAME)";
				TEST_HOST = "$(BUILT_PRODUCTS_DIR)/RAAGAnimation.app/RAAGAnimation";
			};
			name = Debug;
		};
		3C79E0EF1B86E57000600FF2 /* Release */ = {
			isa = XCBuildConfiguration;
			buildSettings = {
				BUNDLE_LOADER = "$(TEST_HOST)";
				FRAMEWORK_SEARCH_PATHS = (
					"$(SDKROOT)/Developer/Library/Frameworks",
					"$(inherited)",
				);
				INFOPLIST_FILE = RAAGAnimationTests/Info.plist;
				LD_RUNPATH_SEARCH_PATHS = "$(inherited) @executable_path/Frameworks @loader_path/Frameworks";
				PRODUCT_NAME = "$(TARGET_NAME)";
				TEST_HOST = "$(BUILT_PRODUCTS_DIR)/RAAGAnimation.app/RAAGAnimation";
			};
			name = Release;
		};
/* End XCBuildConfiguration section */

/* Begin XCConfigurationList section */
		3C79E0C61B86E57000600FF2 /* Build configuration list for PBXProject "RAAGAnimation" */ = {
			isa = XCConfigurationList;
			buildConfigurations = (
				3C79E0E81B86E57000600FF2 /* Debug */,
				3C79E0E91B86E57000600FF2 /* Release */,
			);
			defaultConfigurationIsVisible = 0;
			defaultConfigurationName = Release;
		};
		3C79E0EA1B86E57000600FF2 /* Build configuration list for PBXNativeTarget "RAAGAnimation" */ = {
			isa = XCConfigurationList;
			buildConfigurations = (
				3C79E0EB1B86E57000600FF2 /* Debug */,
				3C79E0EC1B86E57000600FF2 /* Release */,
			);
			defaultConfigurationIsVisible = 0;
		};
		3C79E0ED1B86E57000600FF2 /* Build configuration list for PBXNativeTarget "RAAGAnimationTests" */ = {
			isa = XCConfigurationList;
			buildConfigurations = (
				3C79E0EE1B86E57000600FF2 /* Debug */,
				3C79E0EF1B86E57000600FF2 /* Release */,
			);
			defaultConfigurationIsVisible = 0;
		};
/* End XCConfigurationList section */
	};
	rootObject = 3C79E0C31B86E57000600FF2 /* Project object */;
}
